
Microsoft Visual Studio Solution File, Format Version 12.00
# Visual Studio 15
VisualStudioVersion = 15.0.28307.136
MinimumVisualStudioVersion = 10.0.40219.1
Project("{FAE04EC0-301F-11D3-BF4B-00C04F79EFBC}") = "QiniuSdk", "QiniuSdk\QiniuSdk.csproj", "{D3004103-D234-4EBA-ACCB-5780B0B0F755}"
EndProject
Project("{2150E333-8FDC-42A3-9474-1A3956D46DE8}") = "Samples", "Samples", "{E42AE99A-01D9-4EA7-B724-C7EACF0563E7}"
EndProject
Project("{FAE04EC0-301F-11D3-BF4B-00C04F79EFBC}") = "StorageDemo", "StorageDemo\StorageDemo.csproj", "{11004980-268C-4BAA-B89D-E1E92331503A}"
EndProject
Global
	GlobalSection(SolutionConfigurationPlatforms) = preSolution
		Debug|Any CPU = Debug|Any CPU
		Release|Any CPU = Release|Any CPU
	EndGlobalSection
	GlobalSection(ProjectConfigurationPlatforms) = postSolution
		{D3004103-D234-4EBA-ACCB-5780B0B0F755}.Debug|Any CPU.ActiveCfg = Debug|Any CPU
		{D3004103-D234-4EBA-ACCB-5780B0B0F755}.Debug|Any CPU.Build.0 = Debug|Any CPU
		{D3004103-D234-4EBA-ACCB-5780B0B0F755}.Release|Any CPU.ActiveCfg = Release|Any CPU
		{D3004103-D234-4EBA-ACCB-5780B0B0F755}.Release|Any CPU.Build.0 = Release|Any CPU
		{11004980-268C-4BAA-B89D-E1E92331503A}.Debug|Any CPU.ActiveCfg = Debug|Any CPU
		{11004980-268C-4BAA-B89D-E1E92331503A}.Debug|Any CPU.Build.0 = Debug|Any CPU
		{11004980-268C-4BAA-B89D-E1E92331503A}.Release|Any CPU.ActiveCfg = Release|Any CPU
		{11004980-268C-4BAA-B89D-E1E92331503A}.Release|Any CPU.Build.0 = Release|Any CPU
	EndGlobalSection
	GlobalSection(SolutionProperties) = preSolution
		HideSolutionNode = FALSE
	EndGlobalSection
	GlobalSection(NestedProjects) = preSolution
		{11004980-268C-4BAA-B89D-E1E92331503A} = {E42AE99A-01D9-4EA7-B724-C7EACF0563E7}
	EndGlobalSection
	GlobalSection(ExtensibilityGlobals) = postSolution
		SolutionGuid = {9AC162C1-1408-48DE-9000-A1792D5B3AAA}
	EndGlobalSection
EndGlobal
